
Microsoft Visual Studio Solution File, Format Version 12.00
# Visual Studio Version 17
VisualStudioVersion = 17.0.31903.59
MinimumVisualStudioVersion = 10.0.40219.1
Project("{FAE04EC0-301F-11D3-BF4B-00C04F79EFBC}") = "Ironfront.Net.Protocol", "Ironfront.Net.Protocol\Ironfront.Net.Protocol.csproj", "{1BB7618E-0572-4BEC-9B7B-71914284779F}"
EndProject
Project("{FAE04EC0-301F-11D3-BF4B-00C04F79EFBC}") = "Ironfront.Net.Transport", "Ironfront.Net.Transport\Ironfront.Net.Transport.csproj", "{0903A4A2-634E-4DE8-BF56-1BDC966644E7}"
EndProject
Project("{FAE04EC0-301F-11D3-BF4B-00C04F79EFBC}") = "Ironfront.Net.Replication", "Ironfront.Net.Replication\Ironfront.Net.Replication.csproj", "{9EB463C4-21D0-42EF-AC43-6227FD2AD6F2}"
EndProject
Project("{FAE04EC0-301F-11D3-BF4B-00C04F79EFBC}") = "Ironfront.MasterServer", "Ironfront.MasterServer\Ironfront.MasterServer.csproj", "{B7DB1A93-DA88-48E0-A44C-F8BB7268E200}"
EndProject
Project("{FAE04EC0-301F-11D3-BF4B-00C04F79EFBC}") = "Ironfront.Tools.LoadTest", "Ironfront.Tools.LoadTest\Ironfront.Tools.LoadTest.csproj", "{A3EBB801-E316-43C1-9C4F-B1B7522C60B9}"
EndProject
Project("{FAE04EC0-301F-11D3-BF4B-00C04F79EFBC}") = "Ironfront.Tools.PacketReplay", "Ironfront.Tools.PacketReplay\Ironfront.Tools.PacketReplay.csproj", "{C1D1F3B0-3EA8-4D54-9ED2-DB3B3C4A6A20}"
EndProject
Project("{FAE04EC0-301F-11D3-BF4B-00C04F79EFBC}") = "Ironfront.Net.Protocol.Tests", "Ironfront.Net.Protocol.Tests\Ironfront.Net.Protocol.Tests.csproj", "{AA03D5E0-57DA-4829-AB63-BF07AC915439}"
EndProject
Project("{2150E333-8FDC-42A3-9474-1A3956D46DE8}") = "tools", "tools", "{F7309333-0ADC-4CFA-9FCF-9097CA15D087}"
EndProject
Project("{FAE04EC0-301F-11D3-BF4B-00C04F79EFBC}") = "SpecChecker", "tools\SpecChecker\SpecChecker.csproj", "{AE7B02F1-9E5D-4909-A41F-783E7D15A48D}"
EndProject
Project("{FAE04EC0-301F-11D3-BF4B-00C04F79EFBC}") = "Ironfront.Net.Replication.Tests", "Ironfront.Net.Replication.Tests\Ironfront.Net.Replication.Tests.csproj", "{115C2963-BACC-49F0-98E3-ED8943DD1A78}"
EndProject
Project("{FAE04EC0-301F-11D3-BF4B-00C04F79EFBC}") = "Ironfront.Net.Transport.Tests", "Ironfront.Net.Transport.Tests\Ironfront.Net.Transport.Tests.csproj", "{3F5B7C1D-14B3-4C69-8E57-2A5B9EAC1D01}"
EndProject
Project("{FAE04EC0-301F-11D3-BF4B-00C04F79EFBC}") = "Ironfront.Net.Transport.Bench", "Ironfront.Net.Transport.Bench\Ironfront.Net.Transport.Bench.csproj", "{A8C42E76-6F1D-4F4B-9C35-0D2AE7B7C902}"
EndProject
Project("{FAE04EC0-301F-11D3-BF4B-00C04F79EFBC}") = "Ironfront.MasterServer.Tests", "Ironfront.MasterServer.Tests\Ironfront.MasterServer.Tests.csproj", "{0A5F41D0-B093-49ED-BBF2-0C5400F868B5}"
EndProject
Project("{FAE04EC0-301F-11D3-BF4B-00C04F79EFBC}") = "Ironfront.MasterClient", "Ironfront.MasterClient\Ironfront.MasterClient.csproj", "{69D2819C-BEC2-4B7A-8562-82BB864C02E7}"
EndProject
Project("{FAE04EC0-301F-11D3-BF4B-00C04F79EFBC}") = "Ironfront.Net.MasterLink", "Ironfront.Net.MasterLink\Ironfront.Net.MasterLink.csproj", "{568CFB05-A798-4EE8-B118-3A21467FAE6F}"
EndProject
Project("{FAE04EC0-301F-11D3-BF4B-00C04F79EFBC}") = "Ironfront.Tools.MspBench", "Ironfront.Tools.MspBench\Ironfront.Tools.MspBench.csproj", "{AD046AE5-A645-46FD-BFA0-B4337038E901}"
EndProject
Project("{FAE04EC0-301F-11D3-BF4B-00C04F79EFBC}") = "Ironfront.Net.Configuration", "Ironfront.Net.Configuration\Ironfront.Net.Configuration.csproj", "{1CE0AB0D-7E7B-4DD7-BF9E-1744C0B10691}"
EndProject
Project("{FAE04EC0-301F-11D3-BF4B-00C04F79EFBC}") = "Ironfront.Net.Configuration.Tests", "Ironfront.Net.Configuration.Tests\Ironfront.Net.Configuration.Tests.csproj", "{F1034844-5021-4F0D-B7A4-B94B700101F8}"
EndProject
Project("{FAE04EC0-301F-11D3-BF4B-00C04F79EFBC}") = "Ironfront.Client.Input.Tests", "Ironfront.Client.Input.Tests\Ironfront.Client.Input.Tests.csproj", "{4C4E152D-AE0E-4E6F-8C86-3DE79B618AC4}"
EndProject
Project("{FAE04EC0-301F-11D3-BF4B-00C04F79EFBC}") = "Ironfront.Client.Flow.Tests", "Ironfront.Client.Flow.Tests\Ironfront.Client.Flow.Tests.csproj", "{A714020C-469B-4E4D-9B27-DD011AF26646}"
EndProject
Project("{FAE04EC0-301F-11D3-BF4B-00C04F79EFBC}") = "UnitySyntaxCheck", "tools\UnitySyntaxCheck\UnitySyntaxCheck.csproj", "{64579C10-C37A-4CBD-AA0B-341F993145B0}"
EndProject
Project("{FAE04EC0-301F-11D3-BF4B-00C04F79EFBC}") = "ClientWiringGate", "tools\ClientWiringGate\ClientWiringGate.csproj", "{2E8C4B31-7A6D-4F0E-9C4A-5B1D0F2A7C34}"
EndProject
Global
	GlobalSection(SolutionConfigurationPlatforms) = preSolution
		Debug|Any CPU = Debug|Any CPU
		Release|Any CPU = Release|Any CPU
	EndGlobalSection
	GlobalSection(SolutionProperties) = preSolution
		HideSolutionNode = FALSE
	EndGlobalSection
	GlobalSection(ProjectConfigurationPlatforms) = postSolution
		{1BB7618E-0572-4BEC-9B7B-71914284779F}.Debug|Any CPU.ActiveCfg = Debug|Any CPU
		{1BB7618E-0572-4BEC-9B7B-71914284779F}.Debug|Any CPU.Build.0 = Debug|Any CPU
		{1BB7618E-0572-4BEC-9B7B-71914284779F}.Release|Any CPU.ActiveCfg = Release|Any CPU
		{1BB7618E-0572-4BEC-9B7B-71914284779F}.Release|Any CPU.Build.0 = Release|Any CPU
		{0903A4A2-634E-4DE8-BF56-1BDC966644E7}.Debug|Any CPU.ActiveCfg = Debug|Any CPU
		{0903A4A2-634E-4DE8-BF56-1BDC966644E7}.Debug|Any CPU.Build.0 = Debug|Any CPU
		{0903A4A2-634E-4DE8-BF56-1BDC966644E7}.Release|Any CPU.ActiveCfg = Release|Any CPU
		{0903A4A2-634E-4DE8-BF56-1BDC966644E7}.Release|Any CPU.Build.0 = Release|Any CPU
		{9EB463C4-21D0-42EF-AC43-6227FD2AD6F2}.Debug|Any CPU.ActiveCfg = Debug|Any CPU
		{9EB463C4-21D0-42EF-AC43-6227FD2AD6F2}.Debug|Any CPU.Build.0 = Debug|Any CPU
		{9EB463C4-21D0-42EF-AC43-6227FD2AD6F2}.Release|Any CPU.ActiveCfg = Release|Any CPU
		{9EB463C4-21D0-42EF-AC43-6227FD2AD6F2}.Release|Any CPU.Build.0 = Release|Any CPU
		{B7DB1A93-DA88-48E0-A44C-F8BB7268E200}.Debug|Any CPU.ActiveCfg = Debug|Any CPU
		{B7DB1A93-DA88-48E0-A44C-F8BB7268E200}.Debug|Any CPU.Build.0 = Debug|Any CPU
		{B7DB1A93-DA88-48E0-A44C-F8BB7268E200}.Release|Any CPU.ActiveCfg = Release|Any CPU
		{B7DB1A93-DA88-48E0-A44C-F8BB7268E200}.Release|Any CPU.Build.0 = Release|Any CPU
		{A3EBB801-E316-43C1-9C4F-B1B7522C60B9}.Debug|Any CPU.ActiveCfg = Debug|Any CPU
		{A3EBB801-E316-43C1-9C4F-B1B7522C60B9}.Debug|Any CPU.Build.0 = Debug|Any CPU
		{A3EBB801-E316-43C1-9C4F-B1B7522C60B9}.Release|Any CPU.ActiveCfg = Release|Any CPU
		{A3EBB801-E316-43C1-9C4F-B1B7522C60B9}.Release|Any CPU.Build.0 = Release|Any CPU
		{C1D1F3B0-3EA8-4D54-9ED2-DB3B3C4A6A20}.Debug|Any CPU.ActiveCfg = Debug|Any CPU
		{C1D1F3B0-3EA8-4D54-9ED2-DB3B3C4A6A20}.Debug|Any CPU.Build.0 = Debug|Any CPU
		{C1D1F3B0-3EA8-4D54-9ED2-DB3B3C4A6A20}.Release|Any CPU.ActiveCfg = Release|Any CPU
		{C1D1F3B0-3EA8-4D54-9ED2-DB3B3C4A6A20}.Release|Any CPU.Build.0 = Release|Any CPU
		{AA03D5E0-57DA-4829-AB63-BF07AC915439}.Debug|Any CPU.ActiveCfg = Debug|Any CPU
		{AA03D5E0-57DA-4829-AB63-BF07AC915439}.Debug|Any CPU.Build.0 = Debug|Any CPU
		{AA03D5E0-57DA-4829-AB63-BF07AC915439}.Release|Any CPU.ActiveCfg = Release|Any CPU
		{AA03D5E0-57DA-4829-AB63-BF07AC915439}.Release|Any CPU.Build.0 = Release|Any CPU
		{AE7B02F1-9E5D-4909-A41F-783E7D15A48D}.Debug|Any CPU.ActiveCfg = Debug|Any CPU
		{AE7B02F1-9E5D-4909-A41F-783E7D15A48D}.Debug|Any CPU.Build.0 = Debug|Any CPU
		{AE7B02F1-9E5D-4909-A41F-783E7D15A48D}.Release|Any CPU.ActiveCfg = Release|Any CPU
		{AE7B02F1-9E5D-4909-A41F-783E7D15A48D}.Release|Any CPU.Build.0 = Release|Any CPU
		{115C2963-BACC-49F0-98E3-ED8943DD1A78}.Debug|Any CPU.ActiveCfg = Debug|Any CPU
		{115C2963-BACC-49F0-98E3-ED8943DD1A78}.Debug|Any CPU.Build.0 = Debug|Any CPU
		{115C2963-BACC-49F0-98E3-ED8943DD1A78}.Release|Any CPU.ActiveCfg = Release|Any CPU
		{115C2963-BACC-49F0-98E3-ED8943DD1A78}.Release|Any CPU.Build.0 = Release|Any CPU
		{3F5B7C1D-14B3-4C69-8E57-2A5B9EAC1D01}.Debug|Any CPU.ActiveCfg = Debug|Any CPU
		{3F5B7C1D-14B3-4C69-8E57-2A5B9EAC1D01}.Debug|Any CPU.Build.0 = Debug|Any CPU
		{3F5B7C1D-14B3-4C69-8E57-2A5B9EAC1D01}.Release|Any CPU.ActiveCfg = Release|Any CPU
		{3F5B7C1D-14B3-4C69-8E57-2A5B9EAC1D01}.Release|Any CPU.Build.0 = Release|Any CPU
		{A8C42E76-6F1D-4F4B-9C35-0D2AE7B7C902}.Debug|Any CPU.ActiveCfg = Debug|Any CPU
		{A8C42E76-6F1D-4F4B-9C35-0D2AE7B7C902}.Debug|Any CPU.Build.0 = Debug|Any CPU
		{A8C42E76-6F1D-4F4B-9C35-0D2AE7B7C902}.Release|Any CPU.ActiveCfg = Release|Any CPU
		{A8C42E76-6F1D-4F4B-9C35-0D2AE7B7C902}.Release|Any CPU.Build.0 = Release|Any CPU
		{0A5F41D0-B093-49ED-BBF2-0C5400F868B5}.Debug|Any CPU.ActiveCfg = Debug|Any CPU
		{0A5F41D0-B093-49ED-BBF2-0C5400F868B5}.Debug|Any CPU.Build.0 = Debug|Any CPU
		{0A5F41D0-B093-49ED-BBF2-0C5400F868B5}.Release|Any CPU.ActiveCfg = Release|Any CPU
		{0A5F41D0-B093-49ED-BBF2-0C5400F868B5}.Release|Any CPU.Build.0 = Release|Any CPU
		{69D2819C-BEC2-4B7A-8562-82BB864C02E7}.Debug|Any CPU.ActiveCfg = Debug|Any CPU
		{69D2819C-BEC2-4B7A-8562-82BB864C02E7}.Debug|Any CPU.Build.0 = Debug|Any CPU
		{69D2819C-BEC2-4B7A-8562-82BB864C02E7}.Release|Any CPU.ActiveCfg = Release|Any CPU
		{69D2819C-BEC2-4B7A-8562-82BB864C02E7}.Release|Any CPU.Build.0 = Release|Any CPU
		{568CFB05-A798-4EE8-B118-3A21467FAE6F}.Debug|Any CPU.ActiveCfg = Debug|Any CPU
		{568CFB05-A798-4EE8-B118-3A21467FAE6F}.Debug|Any CPU.Build.0 = Debug|Any CPU
		{568CFB05-A798-4EE8-B118-3A21467FAE6F}.Release|Any CPU.ActiveCfg = Release|Any CPU
		{568CFB05-A798-4EE8-B118-3A21467FAE6F}.Release|Any CPU.Build.0 = Release|Any CPU
		{AD046AE5-A645-46FD-BFA0-B4337038E901}.Debug|Any CPU.ActiveCfg = Debug|Any CPU
		{AD046AE5-A645-46FD-BFA0-B4337038E901}.Debug|Any CPU.Build.0 = Debug|Any CPU
		{AD046AE5-A645-46FD-BFA0-B4337038E901}.Release|Any CPU.ActiveCfg = Release|Any CPU
		{AD046AE5-A645-46FD-BFA0-B4337038E901}.Release|Any CPU.Build.0 = Release|Any CPU
		{1CE0AB0D-7E7B-4DD7-BF9E-1744C0B10691}.Debug|Any CPU.ActiveCfg = Debug|Any CPU
		{1CE0AB0D-7E7B-4DD7-BF9E-1744C0B10691}.Debug|Any CPU.Build.0 = Debug|Any CPU
		{1CE0AB0D-7E7B-4DD7-BF9E-1744C0B10691}.Release|Any CPU.ActiveCfg = Release|Any CPU
		{1CE0AB0D-7E7B-4DD7-BF9E-1744C0B10691}.Release|Any CPU.Build.0 = Release|Any CPU
		{F1034844-5021-4F0D-B7A4-B94B700101F8}.Debug|Any CPU.ActiveCfg = Debug|Any CPU
		{F1034844-5021-4F0D-B7A4-B94B700101F8}.Debug|Any CPU.Build.0 = Debug|Any CPU
		{F1034844-5021-4F0D-B7A4-B94B700101F8}.Release|Any CPU.ActiveCfg = Release|Any CPU
		{F1034844-5021-4F0D-B7A4-B94B700101F8}.Release|Any CPU.Build.0 = Release|Any CPU
		{4C4E152D-AE0E-4E6F-8C86-3DE79B618AC4}.Debug|Any CPU.ActiveCfg = Debug|Any CPU
		{4C4E152D-AE0E-4E6F-8C86-3DE79B618AC4}.Debug|Any CPU.Build.0 = Debug|Any CPU
		{4C4E152D-AE0E-4E6F-8C86-3DE79B618AC4}.Release|Any CPU.ActiveCfg = Release|Any CPU
		{4C4E152D-AE0E-4E6F-8C86-3DE79B618AC4}.Release|Any CPU.Build.0 = Release|Any CPU
		{A714020C-469B-4E4D-9B27-DD011AF26646}.Debug|Any CPU.ActiveCfg = Debug|Any CPU
		{A714020C-469B-4E4D-9B27-DD011AF26646}.Debug|Any CPU.Build.0 = Debug|Any CPU
		{A714020C-469B-4E4D-9B27-DD011AF26646}.Release|Any CPU.ActiveCfg = Release|Any CPU
		{A714020C-469B-4E4D-9B27-DD011AF26646}.Release|Any CPU.Build.0 = Release|Any CPU
		{64579C10-C37A-4CBD-AA0B-341F993145B0}.Debug|Any CPU.ActiveCfg = Debug|Any CPU
		{64579C10-C37A-4CBD-AA0B-341F993145B0}.Debug|Any CPU.Build.0 = Debug|Any CPU
		{64579C10-C37A-4CBD-AA0B-341F993145B0}.Release|Any CPU.ActiveCfg = Release|Any CPU
		{64579C10-C37A-4CBD-AA0B-341F993145B0}.Release|Any CPU.Build.0 = Release|Any CPU
		{2E8C4B31-7A6D-4F0E-9C4A-5B1D0F2A7C34}.Debug|Any CPU.ActiveCfg = Debug|Any CPU
		{2E8C4B31-7A6D-4F0E-9C4A-5B1D0F2A7C34}.Debug|Any CPU.Build.0 = Debug|Any CPU
		{2E8C4B31-7A6D-4F0E-9C4A-5B1D0F2A7C34}.Release|Any CPU.ActiveCfg = Release|Any CPU
		{2E8C4B31-7A6D-4F0E-9C4A-5B1D0F2A7C34}.Release|Any CPU.Build.0 = Release|Any CPU
	EndGlobalSection
	GlobalSection(NestedProjects) = preSolution
		{AE7B02F1-9E5D-4909-A41F-783E7D15A48D} = {F7309333-0ADC-4CFA-9FCF-9097CA15D087}
		{64579C10-C37A-4CBD-AA0B-341F993145B0} = {F7309333-0ADC-4CFA-9FCF-9097CA15D087}
		{2E8C4B31-7A6D-4F0E-9C4A-5B1D0F2A7C34} = {F7309333-0ADC-4CFA-9FCF-9097CA15D087}
	EndGlobalSection
EndGlobal
